// !$*UTF8*$!
{
	archiveVersion = 1;
	classes = {
	};
	objectVersion = 50;
	objects = {

/* Begin PBXGroup section */
		D6D3302A223C0D2B00AC9FC1 = {
			isa = PBXGroup;
			children = (
			);
			sourceTree = "<group>";
		};
/* End PBXGroup section */

/* Begin PBXProject section */
		D6D3302B223C0D2B00AC9FC1 /* Project object */ = {
			isa = PBXProject;
			attributes = {
				LastUpgradeCheck = 1010;
			};
			buildConfigurationList = D6D3302E223C0D2B00AC9FC1 /* Build configuration list for PBXProject "scheduling-algorithms" */;
			compatibilityVersion = "Xcode 9.3";
			developmentRegion = en;
			hasScannedForEncodings = 0;
			knownRegions = (
				en,
			);
			mainGroup = D6D3302A223C0D2B00AC9FC1;
			projectDirPath = "";
			projectRoot = "";
			targets = (
			);
		};
/* End PBXProject section */

/* Begin XCBuildConfiguration section */
		D6D3302F223C0D2B00AC9FC1 /* Debug */ = {
			isa = XCBuildConfiguration;
			buildSettings = {
			};
			name = Debug;
		};
		D6D33030223C0D2B00AC9FC1 /* Release */ = {
			isa = XCBuildConfiguration;
			buildSettings = {
			};
			name = Release;
		};
/* End XCBuildConfiguration section */

/* Begin XCConfigurationList section */
		D6D3302E223C0D2B00AC9FC1 /* Build configuration list for PBXProject "scheduling-algorithms" */ = {
			isa = XCConfigurationList;
			buildConfigurations = (
				D6D3302F223C0D2B00AC9FC1 /* Debug */,
				D6D33030223C0D2B00AC9FC1 /* Release */,
			);
			defaultConfigurationIsVisible = 0;
			defaultConfigurationName = Release;
		};
/* End XCConfigurationList section */
	};
	rootObject = D6D3302B223C0D2B00AC9FC1 /* Project object */;
}
